{
  "nodes": {
    "nixpkgs": {
      "locked": {
        "lastModified": 1787101114,
        "narHash": "sha256-gwrPcFf/rDjHPaVflbDZ040ZDmBTRj/7+s8ZmE2SaIM=",
        "owner": "NixOS",
        "repo": "nixpkgs",
        "rev": "b18a4b905f8d028dc4476412e6d6891728695379",
        "type": "github"
      },
      "original": {
        "owner": "NixOS",
        "ref": "nixos-26.05",
        "repo": "nixpkgs",
        "type": "github"
      }
    },
    "release": {
      "inputs": {
        "nixpkgs": [
          "nixpkgs"
        ]
      },
      "locked": {
        "lastModified": 1787722276,
        "narHash": "sha256-Th2hO9xvmITOhg/mM+NgRg89H5Vs8q7Sn++GRT0pBt8=",
        "owner": "Sakura-Industries-LLC",
        "repo": "release",
        "rev": "09d6be776ca4a9d533101bae1fbc790fb42050a8",
        "type": "github"
      },
      "original": {
        "owner": "Sakura-Industries-LLC",
        "ref": "v0.1.18",
        "repo": "release",
        "type": "github"
      }
    },
    "root": {
      "inputs": {
        "nixpkgs": "nixpkgs",
        "release": "release"
      }
    }
  },
  "root": "root",
  "version": 7
}
